
Microsoft Visual Studio Solution File, Format Version 12.00
# Visual Studio Version 18
VisualStudioVersion = 18.9.12120.119
MinimumVisualStudioVersion = 10.0.40219.1
Project("{2150E333-8FDC-42A3-9474-1A3956D46DE8}") = "src", "src", "{004B7879-8D97-42FD-AA7A-B836C1F5B6FA}"
EndProject
Project("{2150E333-8FDC-42A3-9474-1A3956D46DE8}") = "tests", "tests", "{E41D87A6-90D5-4E18-85B8-3435E7269E1A}"
EndProject
Project("{2150E333-8FDC-42A3-9474-1A3956D46DE8}") = "docs", "docs", "{9322D8E3-6BC2-490C-8E87-3C2D25CDEFDE}"
EndProject
Project("{2150E333-8FDC-42A3-9474-1A3956D46DE8}") = "database", "database", "{A1F8E67D-E915-4B04-ACA2-1AA7438D5D10}"
EndProject
Project("{FAE04EC0-301F-11D3-BF4B-00C04F79EFBC}") = "ClinicLab.Domain", "src\ClinicLab.Domain\ClinicLab.Domain.csproj", "{80DA1CDF-94C1-4412-AEBB-7635E640E089}"
EndProject
Project("{FAE04EC0-301F-11D3-BF4B-00C04F79EFBC}") = "ClinicLab.Application", "src\ClinicLab.Application\ClinicLab.Application.csproj", "{C574F9AB-3A72-4F6C-B422-4C9815739042}"
EndProject
Project("{FAE04EC0-301F-11D3-BF4B-00C04F79EFBC}") = "ClinicLab.Infrastructure", "src\ClinicLab.Infrastructure\ClinicLab.Infrastructure.csproj", "{DE5E6730-D0DE-4BA1-BA4A-DD7BAD12C8F8}"
EndProject
Project("{FAE04EC0-301F-11D3-BF4B-00C04F79EFBC}") = "ClinicLab.Api", "src\ClinicLab.Api\ClinicLab.Api.csproj", "{D4EEC9B4-5D90-4837-8942-C63041BB61E4}"
EndProject
Project("{FAE04EC0-301F-11D3-BF4B-00C04F79EFBC}") = "ClinicLab.Domain.UnitTests", "tests\ClinicLab.Domain.UnitTests\ClinicLab.Domain.UnitTests.csproj", "{4715B21E-229E-48BA-BDD3-DB9EA57F83EF}"
EndProject
Project("{FAE04EC0-301F-11D3-BF4B-00C04F79EFBC}") = "ClinicLab.Application.UnitTests", "tests\ClinicLab.Application.UnitTests\ClinicLab.Application.UnitTests.csproj", "{C64DEF42-D97E-4B79-A432-AC6BE1DDD71D}"
EndProject
Project("{FAE04EC0-301F-11D3-BF4B-00C04F79EFBC}") = "ClinicLab.Infrastructure.IntegrationTests", "tests\ClinicLab.Infrastructure.IntegrationTests\ClinicLab.Infrastructure.IntegrationTests.csproj", "{0378F7E0-7008-43DC-B6C6-11A9C8EE6F33}"
EndProject
Project("{FAE04EC0-301F-11D3-BF4B-00C04F79EFBC}") = "ClinicLab.ArchitectureTests", "tests\ClinicLab.ArchitectureTests\ClinicLab.ArchitectureTests.csproj", "{C2A30BCE-9F79-4CCB-B1DD-FFA7A9024AED}"
EndProject
Global
	GlobalSection(SolutionConfigurationPlatforms) = preSolution
		Debug|Any CPU = Debug|Any CPU
		Debug|x64 = Debug|x64
		Debug|x86 = Debug|x86
		Release|Any CPU = Release|Any CPU
		Release|x64 = Release|x64
		Release|x86 = Release|x86
	EndGlobalSection
	GlobalSection(ProjectConfigurationPlatforms) = postSolution
		{80DA1CDF-94C1-4412-AEBB-7635E640E089}.Debug|Any CPU.ActiveCfg = Debug|Any CPU
		{80DA1CDF-94C1-4412-AEBB-7635E640E089}.Debug|Any CPU.Build.0 = Debug|Any CPU
		{80DA1CDF-94C1-4412-AEBB-7635E640E089}.Debug|x64.ActiveCfg = Debug|Any CPU
		{80DA1CDF-94C1-4412-AEBB-7635E640E089}.Debug|x64.Build.0 = Debug|Any CPU
		{80DA1CDF-94C1-4412-AEBB-7635E640E089}.Debug|x86.ActiveCfg = Debug|Any CPU
		{80DA1CDF-94C1-4412-AEBB-7635E640E089}.Debug|x86.Build.0 = Debug|Any CPU
		{80DA1CDF-94C1-4412-AEBB-7635E640E089}.Release|Any CPU.ActiveCfg = Release|Any CPU
		{80DA1CDF-94C1-4412-AEBB-7635E640E089}.Release|Any CPU.Build.0 = Release|Any CPU
		{80DA1CDF-94C1-4412-AEBB-7635E640E089}.Release|x64.ActiveCfg = Release|Any CPU
		{80DA1CDF-94C1-4412-AEBB-7635E640E089}.Release|x64.Build.0 = Release|Any CPU
		{80DA1CDF-94C1-4412-AEBB-7635E640E089}.Release|x86.ActiveCfg = Release|Any CPU
		{80DA1CDF-94C1-4412-AEBB-7635E640E089}.Release|x86.Build.0 = Release|Any CPU
		{C574F9AB-3A72-4F6C-B422-4C9815739042}.Debug|Any CPU.ActiveCfg = Debug|Any CPU
		{C574F9AB-3A72-4F6C-B422-4C9815739042}.Debug|Any CPU.Build.0 = Debug|Any CPU
		{C574F9AB-3A72-4F6C-B422-4C9815739042}.Debug|x64.ActiveCfg = Debug|Any CPU
		{C574F9AB-3A72-4F6C-B422-4C9815739042}.Debug|x64.Build.0 = Debug|Any CPU
		{C574F9AB-3A72-4F6C-B422-4C9815739042}.Debug|x86.ActiveCfg = Debug|Any CPU
		{C574F9AB-3A72-4F6C-B422-4C9815739042}.Debug|x86.Build.0 = Debug|Any CPU
		{C574F9AB-3A72-4F6C-B422-4C9815739042}.Release|Any CPU.ActiveCfg = Release|Any CPU
		{C574F9AB-3A72-4F6C-B422-4C9815739042}.Release|Any CPU.Build.0 = Release|Any CPU
		{C574F9AB-3A72-4F6C-B422-4C9815739042}.Release|x64.ActiveCfg = Release|Any CPU
		{C574F9AB-3A72-4F6C-B422-4C9815739042}.Release|x64.Build.0 = Release|Any CPU
		{C574F9AB-3A72-4F6C-B422-4C9815739042}.Release|x86.ActiveCfg = Release|Any CPU
		{C574F9AB-3A72-4F6C-B422-4C9815739042}.Release|x86.Build.0 = Release|Any CPU
		{DE5E6730-D0DE-4BA1-BA4A-DD7BAD12C8F8}.Debug|Any CPU.ActiveCfg = Debug|Any CPU
		{DE5E6730-D0DE-4BA1-BA4A-DD7BAD12C8F8}.Debug|Any CPU.Build.0 = Debug|Any CPU
		{DE5E6730-D0DE-4BA1-BA4A-DD7BAD12C8F8}.Debug|x64.ActiveCfg = Debug|Any CPU
		{DE5E6730-D0DE-4BA1-BA4A-DD7BAD12C8F8}.Debug|x64.Build.0 = Debug|Any CPU
		{DE5E6730-D0DE-4BA1-BA4A-DD7BAD12C8F8}.Debug|x86.ActiveCfg = Debug|Any CPU
		{DE5E6730-D0DE-4BA1-BA4A-DD7BAD12C8F8}.Debug|x86.Build.0 = Debug|Any CPU
		{DE5E6730-D0DE-4BA1-BA4A-DD7BAD12C8F8}.Release|Any CPU.ActiveCfg = Release|Any CPU
		{DE5E6730-D0DE-4BA1-BA4A-DD7BAD12C8F8}.Release|Any CPU.Build.0 = Release|Any CPU
		{DE5E6730-D0DE-4BA1-BA4A-DD7BAD12C8F8}.Release|x64.ActiveCfg = Release|Any CPU
		{DE5E6730-D0DE-4BA1-BA4A-DD7BAD12C8F8}.Release|x64.Build.0 = Release|Any CPU
		{DE5E6730-D0DE-4BA1-BA4A-DD7BAD12C8F8}.Release|x86.ActiveCfg = Release|Any CPU
		{DE5E6730-D0DE-4BA1-BA4A-DD7BAD12C8F8}.Release|x86.Build.0 = Release|Any CPU
		{D4EEC9B4-5D90-4837-8942-C63041BB61E4}.Debug|Any CPU.ActiveCfg = Debug|Any CPU
		{D4EEC9B4-5D90-4837-8942-C63041BB61E4}.Debug|Any CPU.Build.0 = Debug|Any CPU
		{D4EEC9B4-5D90-4837-8942-C63041BB61E4}.Debug|x64.ActiveCfg = Debug|Any CPU
		{D4EEC9B4-5D90-4837-8942-C63041BB61E4}.Debug|x64.Build.0 = Debug|Any CPU
		{D4EEC9B4-5D90-4837-8942-C63041BB61E4}.Debug|x86.ActiveCfg = Debug|Any CPU
		{D4EEC9B4-5D90-4837-8942-C63041BB61E4}.Debug|x86.Build.0 = Debug|Any CPU
		{D4EEC9B4-5D90-4837-8942-C63041BB61E4}.Release|Any CPU.ActiveCfg = Release|Any CPU
		{D4EEC9B4-5D90-4837-8942-C63041BB61E4}.Release|Any CPU.Build.0 = Release|Any CPU
		{D4EEC9B4-5D90-4837-8942-C63041BB61E4}.Release|x64.ActiveCfg = Release|Any CPU
		{D4EEC9B4-5D90-4837-8942-C63041BB61E4}.Release|x64.Build.0 = Release|Any CPU
		{D4EEC9B4-5D90-4837-8942-C63041BB61E4}.Release|x86.ActiveCfg = Release|Any CPU
		{D4EEC9B4-5D90-4837-8942-C63041BB61E4}.Release|x86.Build.0 = Release|Any CPU
		{4715B21E-229E-48BA-BDD3-DB9EA57F83EF}.Debug|Any CPU.ActiveCfg = Debug|Any CPU
		{4715B21E-229E-48BA-BDD3-DB9EA57F83EF}.Debug|Any CPU.Build.0 = Debug|Any CPU
		{4715B21E-229E-48BA-BDD3-DB9EA57F83EF}.Debug|x64.ActiveCfg = Debug|Any CPU
		{4715B21E-229E-48BA-BDD3-DB9EA57F83EF}.Debug|x64.Build.0 = Debug|Any CPU
		{4715B21E-229E-48BA-BDD3-DB9EA57F83EF}.Debug|x86.ActiveCfg = Debug|Any CPU
		{4715B21E-229E-48BA-BDD3-DB9EA57F83EF}.Debug|x86.Build.0 = Debug|Any CPU
		{4715B21E-229E-48BA-BDD3-DB9EA57F83EF}.Release|Any CPU.ActiveCfg = Release|Any CPU
		{4715B21E-229E-48BA-BDD3-DB9EA57F83EF}.Release|Any CPU.Build.0 = Release|Any CPU
		{4715B21E-229E-48BA-BDD3-DB9EA57F83EF}.Release|x64.ActiveCfg = Release|Any CPU
		{4715B21E-229E-48BA-BDD3-DB9EA57F83EF}.Release|x64.Build.0 = Release|Any CPU
		{4715B21E-229E-48BA-BDD3-DB9EA57F83EF}.Release|x86.ActiveCfg = Release|Any CPU
		{4715B21E-229E-48BA-BDD3-DB9EA57F83EF}.Release|x86.Build.0 = Release|Any CPU
		{C64DEF42-D97E-4B79-A432-AC6BE1DDD71D}.Debug|Any CPU.ActiveCfg = Debug|Any CPU
		{C64DEF42-D97E-4B79-A432-AC6BE1DDD71D}.Debug|Any CPU.Build.0 = Debug|Any CPU
		{C64DEF42-D97E-4B79-A432-AC6BE1DDD71D}.Debug|x64.ActiveCfg = Debug|Any CPU
		{C64DEF42-D97E-4B79-A432-AC6BE1DDD71D}.Debug|x64.Build.0 = Debug|Any CPU
		{C64DEF42-D97E-4B79-A432-AC6BE1DDD71D}.Debug|x86.ActiveCfg = Debug|Any CPU
		{C64DEF42-D97E-4B79-A432-AC6BE1DDD71D}.Debug|x86.Build.0 = Debug|Any CPU
		{C64DEF42-D97E-4B79-A432-AC6BE1DDD71D}.Release|Any CPU.ActiveCfg = Release|Any CPU
		{C64DEF42-D97E-4B79-A432-AC6BE1DDD71D}.Release|Any CPU.Build.0 = Release|Any CPU
		{C64DEF42-D97E-4B79-A432-AC6BE1DDD71D}.Release|x64.ActiveCfg = Release|Any CPU
		{C64DEF42-D97E-4B79-A432-AC6BE1DDD71D}.Release|x64.Build.0 = Release|Any CPU
		{C64DEF42-D97E-4B79-A432-AC6BE1DDD71D}.Release|x86.ActiveCfg = Release|Any CPU
		{C64DEF42-D97E-4B79-A432-AC6BE1DDD71D}.Release|x86.Build.0 = Release|Any CPU
		{0378F7E0-7008-43DC-B6C6-11A9C8EE6F33}.Debug|Any CPU.ActiveCfg = Debug|Any CPU
		{0378F7E0-7008-43DC-B6C6-11A9C8EE6F33}.Debug|Any CPU.Build.0 = Debug|Any CPU
		{0378F7E0-7008-43DC-B6C6-11A9C8EE6F33}.Debug|x64.ActiveCfg = Debug|Any CPU
		{0378F7E0-7008-43DC-B6C6-11A9C8EE6F33}.Debug|x64.Build.0 = Debug|Any CPU
		{0378F7E0-7008-43DC-B6C6-11A9C8EE6F33}.Debug|x86.ActiveCfg = Debug|Any CPU
		{0378F7E0-7008-43DC-B6C6-11A9C8EE6F33}.Debug|x86.Build.0 = Debug|Any CPU
		{0378F7E0-7008-43DC-B6C6-11A9C8EE6F33}.Release|Any CPU.ActiveCfg = Release|Any CPU
		{0378F7E0-7008-43DC-B6C6-11A9C8EE6F33}.Release|Any CPU.Build.0 = Release|Any CPU
		{0378F7E0-7008-43DC-B6C6-11A9C8EE6F33}.Release|x64.ActiveCfg = Release|Any CPU
		{0378F7E0-7008-43DC-B6C6-11A9C8EE6F33}.Release|x64.Build.0 = Release|Any CPU
		{0378F7E0-7008-43DC-B6C6-11A9C8EE6F33}.Release|x86.ActiveCfg = Release|Any CPU
		{0378F7E0-7008-43DC-B6C6-11A9C8EE6F33}.Release|x86.Build.0 = Release|Any CPU
		{C2A30BCE-9F79-4CCB-B1DD-FFA7A9024AED}.Debug|Any CPU.ActiveCfg = Debug|Any CPU
		{C2A30BCE-9F79-4CCB-B1DD-FFA7A9024AED}.Debug|Any CPU.Build.0 = Debug|Any CPU
		{C2A30BCE-9F79-4CCB-B1DD-FFA7A9024AED}.Debug|x64.ActiveCfg = Debug|Any CPU
		{C2A30BCE-9F79-4CCB-B1DD-FFA7A9024AED}.Debug|x64.Build.0 = Debug|Any CPU
		{C2A30BCE-9F79-4CCB-B1DD-FFA7A9024AED}.Debug|x86.ActiveCfg = Debug|Any CPU
		{C2A30BCE-9F79-4CCB-B1DD-FFA7A9024AED}.Debug|x86.Build.0 = Debug|Any CPU
		{C2A30BCE-9F79-4CCB-B1DD-FFA7A9024AED}.Release|Any CPU.ActiveCfg = Release|Any CPU
		{C2A30BCE-9F79-4CCB-B1DD-FFA7A9024AED}.Release|Any CPU.Build.0 = Release|Any CPU
		{C2A30BCE-9F79-4CCB-B1DD-FFA7A9024AED}.Release|x64.ActiveCfg = Release|Any CPU
		{C2A30BCE-9F79-4CCB-B1DD-FFA7A9024AED}.Release|x64.Build.0 = Release|Any CPU
		{C2A30BCE-9F79-4CCB-B1DD-FFA7A9024AED}.Release|x86.ActiveCfg = Release|Any CPU
		{C2A30BCE-9F79-4CCB-B1DD-FFA7A9024AED}.Release|x86.Build.0 = Release|Any CPU
	EndGlobalSection
	GlobalSection(SolutionProperties) = preSolution
		HideSolutionNode = FALSE
	EndGlobalSection
	GlobalSection(NestedProjects) = preSolution
		{80DA1CDF-94C1-4412-AEBB-7635E640E089} = {004B7879-8D97-42FD-AA7A-B836C1F5B6FA}
		{C574F9AB-3A72-4F6C-B422-4C9815739042} = {004B7879-8D97-42FD-AA7A-B836C1F5B6FA}
		{DE5E6730-D0DE-4BA1-BA4A-DD7BAD12C8F8} = {004B7879-8D97-42FD-AA7A-B836C1F5B6FA}
		{D4EEC9B4-5D90-4837-8942-C63041BB61E4} = {004B7879-8D97-42FD-AA7A-B836C1F5B6FA}
		{4715B21E-229E-48BA-BDD3-DB9EA57F83EF} = {E41D87A6-90D5-4E18-85B8-3435E7269E1A}
		{C64DEF42-D97E-4B79-A432-AC6BE1DDD71D} = {E41D87A6-90D5-4E18-85B8-3435E7269E1A}
		{0378F7E0-7008-43DC-B6C6-11A9C8EE6F33} = {E41D87A6-90D5-4E18-85B8-3435E7269E1A}
		{C2A30BCE-9F79-4CCB-B1DD-FFA7A9024AED} = {E41D87A6-90D5-4E18-85B8-3435E7269E1A}
	EndGlobalSection
	GlobalSection(ExtensibilityGlobals) = postSolution
		SolutionGuid = {3F84FC57-7F2A-44C6-A45A-A200683795C1}
	EndGlobalSection
EndGlobal
